
Microsoft Visual Studio Solution File, Format Version 12.00
# Visual Studio Version 17
VisualStudioVersion = 17.3.32819.101
MinimumVisualStudioVersion = 10.0.40219.1
Project("{FAE04EC0-301F-11D3-BF4B-00C04F79EFBC}") = "FibonacciArray", "FibonacciArray.csproj", "{8452C929-9D30-4585-8B82-D800C2C54BCA}"
EndProject
Global
	GlobalSection(SolutionConfigurationPlatforms) = preSolution
		Debug|Any CPU = Debug|Any CPU
		Release|Any CPU = Release|Any CPU
	EndGlobalSection
	GlobalSection(ProjectConfigurationPlatforms) = postSolution
		{8452C929-9D30-4585-8B82-D800C2C54BCA}.Debug|Any CPU.ActiveCfg = Debug|Any CPU
		{8452C929-9D30-4585-8B82-D800C2C54BCA}.Debug|Any CPU.Build.0 = Debug|Any CPU
		{8452C929-9D30-4585-8B82-D800C2C54BCA}.Release|Any CPU.ActiveCfg = Release|Any CPU
		{8452C929-9D30-4585-8B82-D800C2C54BCA}.Release|Any CPU.Build.0 = Release|Any CPU
	EndGlobalSection
	GlobalSection(SolutionProperties) = preSolution
		HideSolutionNode = FALSE
	EndGlobalSection
	GlobalSection(ExtensibilityGlobals) = postSolution
		SolutionGuid = {24067BC6-4BCD-46D9-B3BE-27C03904E2B7}
	EndGlobalSection
EndGlobal
